
Microsoft Visual Studio Solution File, Format Version 12.00
# Visual Studio Version 16
VisualStudioVersion = 16.0.29418.71
MinimumVisualStudioVersion = 10.0.40219.1
Project("{FAE04EC0-301F-11D3-BF4B-00C04F79EFBC}") = "Service Ranger KG", "Service Ranger KG.csproj", "{C121761C-1CA9-4DC3-80BD-501E323918AC}"
EndProject
Global
	GlobalSection(SolutionConfigurationPlatforms) = preSolution
		Debug|x86 = Debug|x86
		Release|x86 = Release|x86
	EndGlobalSection
	GlobalSection(ProjectConfigurationPlatforms) = postSolution
		{C121761C-1CA9-4DC3-80BD-501E323918AC}.Debug|x86.ActiveCfg = Debug|x86
		{C121761C-1CA9-4DC3-80BD-501E323918AC}.Debug|x86.Build.0 = Debug|x86
		{C121761C-1CA9-4DC3-80BD-501E323918AC}.Release|x86.ActiveCfg = Release|x86
		{C121761C-1CA9-4DC3-80BD-501E323918AC}.Release|x86.Build.0 = Release|x86
	EndGlobalSection
	GlobalSection(SolutionProperties) = preSolution
		HideSolutionNode = FALSE
	EndGlobalSection
	GlobalSection(ExtensibilityGlobals) = postSolution
		SolutionGuid = {9E5458BF-1A75-4D58-A36E-E0D334133912}
	EndGlobalSection
EndGlobal
